
Microsoft Visual Studio Solution File, Format Version 12.00
# Visual Studio Version 16
VisualStudioVersion = 16.0.28917.182
MinimumVisualStudioVersion = 10.0.40219.1
Project("{FAE04EC0-301F-11D3-BF4B-00C04F79EFBC}") = "TFWeb2018", "TFWeb2018\TFWeb2018.csproj", "{0899BEF4-4A63-444E-8D58-57B0E2071060}"
EndProject
Project("{9A19103F-16F7-4668-BE54-9A1E7A4F7556}") = "MiPruebas", "MiPruebas\MiPruebas.csproj", "{B66DA401-82F2-462C-BF53-8B85001EAE46}"
EndProject
Project("{FAE04EC0-301F-11D3-BF4B-00C04F79EFBC}") = "WebAndLoadTestProject1", "WebAndLoadTestProject1\WebAndLoadTestProject1.csproj", "{A867DC8C-FDB1-4322-99AA-B8E050A9E469}"
EndProject
Project("{2150E333-8FDC-42A3-9474-1A3956D46DE8}") = "Solution Items", "Solution Items", "{086553AA-0E81-4399-B97E-04CAB72EFB07}"
	ProjectSection(SolutionItems) = preProject
		Local.testsettings = Local.testsettings
	EndProjectSection
EndProject
Global
	GlobalSection(SolutionConfigurationPlatforms) = preSolution
		Debug|Any CPU = Debug|Any CPU
		Release|Any CPU = Release|Any CPU
	EndGlobalSection
	GlobalSection(ProjectConfigurationPlatforms) = postSolution
		{0899BEF4-4A63-444E-8D58-57B0E2071060}.Debug|Any CPU.ActiveCfg = Debug|Any CPU
		{0899BEF4-4A63-444E-8D58-57B0E2071060}.Debug|Any CPU.Build.0 = Debug|Any CPU
		{0899BEF4-4A63-444E-8D58-57B0E2071060}.Release|Any CPU.ActiveCfg = Release|Any CPU
		{0899BEF4-4A63-444E-8D58-57B0E2071060}.Release|Any CPU.Build.0 = Release|Any CPU
		{B66DA401-82F2-462C-BF53-8B85001EAE46}.Debug|Any CPU.ActiveCfg = Debug|Any CPU
		{B66DA401-82F2-462C-BF53-8B85001EAE46}.Debug|Any CPU.Build.0 = Debug|Any CPU
		{B66DA401-82F2-462C-BF53-8B85001EAE46}.Release|Any CPU.ActiveCfg = Release|Any CPU
		{B66DA401-82F2-462C-BF53-8B85001EAE46}.Release|Any CPU.Build.0 = Release|Any CPU
		{A867DC8C-FDB1-4322-99AA-B8E050A9E469}.Debug|Any CPU.ActiveCfg = Debug|Any CPU
		{A867DC8C-FDB1-4322-99AA-B8E050A9E469}.Debug|Any CPU.Build.0 = Debug|Any CPU
		{A867DC8C-FDB1-4322-99AA-B8E050A9E469}.Release|Any CPU.ActiveCfg = Release|Any CPU
		{A867DC8C-FDB1-4322-99AA-B8E050A9E469}.Release|Any CPU.Build.0 = Release|Any CPU
	EndGlobalSection
	GlobalSection(SolutionProperties) = preSolution
		HideSolutionNode = FALSE
	EndGlobalSection
	GlobalSection(ExtensibilityGlobals) = postSolution
		SolutionGuid = {933EE3E8-02F9-41C2-A41B-8CCAA8B80AE6}
	EndGlobalSection
EndGlobal
